
Microsoft Visual Studio Solution File, Format Version 12.00
# Visual Studio Version 16
VisualStudioVersion = 16.0.28711.60
MinimumVisualStudioVersion = 10.0.40219.1
Project("{9A19103F-16F7-4668-BE54-9A1E7A4F7556}") = "BlazorSpa.Server", "src\BlazorSpa.Server\BlazorSpa.Server.csproj", "{1BE91D17-8246-47D9-BF1C-61D8711CE338}"
EndProject
Project("{9A19103F-16F7-4668-BE54-9A1E7A4F7556}") = "BlazorSpa.Client", "src\BlazorSpa.Client\BlazorSpa.Client.csproj", "{2CE66C96-ACD2-4CB3-9EAB-078D2FE302A1}"
EndProject
Project("{9A19103F-16F7-4668-BE54-9A1E7A4F7556}") = "BlazorSpa.Shared", "src\BlazorSpa.Shared\BlazorSpa.Shared.csproj", "{EC8814A5-C273-41DF-893F-C45B7B6AEB31}"
EndProject
Project("{2150E333-8FDC-42A3-9474-1A3956D46DE8}") = "client", "client", "{35EB3F87-6FE3-4A1D-B79C-05B735DC698F}"
EndProject
Project("{2150E333-8FDC-42A3-9474-1A3956D46DE8}") = "server", "server", "{DBF82B87-AC5F-4AD1-8E40-D4B6BDC925CD}"
EndProject
Project("{9A19103F-16F7-4668-BE54-9A1E7A4F7556}") = "BlazorSpa.Repository", "src\BlazorSpa.Repository\BlazorSpa.Repository.csproj", "{1467E31A-2F14-4520-B473-9333824D0E86}"
EndProject
Project("{9A19103F-16F7-4668-BE54-9A1E7A4F7556}") = "BlazorSpa.Logging.CloudWatch", "src\BlazorSpa.Logging.CloudWatch\BlazorSpa.Logging.CloudWatch.csproj", "{F1656619-11F1-4E27-BD7A-8B1B6B829178}"
EndProject
Project("{9A19103F-16F7-4668-BE54-9A1E7A4F7556}") = "BlazorSpa.Repository.Cognito", "src\BlazorSpa.Repository.Cognito\BlazorSpa.Repository.Cognito.csproj", "{F72AB023-FF06-42CB-BDD5-4125CB74FF01}"
EndProject
Project("{9A19103F-16F7-4668-BE54-9A1E7A4F7556}") = "BlazorSpa.Repository.DynamoDb", "src\BlazorSpa.Repository.DynamoDb\BlazorSpa.Repository.DynamoDb.csproj", "{ACD00D93-C6C0-43E0-8DF5-10684225D272}"
EndProject
Project("{9A19103F-16F7-4668-BE54-9A1E7A4F7556}") = "BlazorSpa.Repository.S3", "src\BlazorSpa.Repository.S3\BlazorSpa.Repository.S3.csproj", "{3F82BC9D-457F-4790-9E66-3E264BE4FF07}"
EndProject
Project("{9A19103F-16F7-4668-BE54-9A1E7A4F7556}") = "BlazorSpa.Service", "src\BlazorSpa.Service\BlazorSpa.Service.csproj", "{CCEA5BCA-2179-424B-A15D-26B8996D1CE6}"
EndProject
Project("{9A19103F-16F7-4668-BE54-9A1E7A4F7556}") = "BlazorSpa.Client.Model", "src\BlazorSpa.Client.Model\BlazorSpa.Client.Model.csproj", "{1BDE9978-B950-4D94-828D-AD2A62DAD518}"
EndProject
Project("{2150E333-8FDC-42A3-9474-1A3956D46DE8}") = "src", "src", "{558BFA60-18A6-4B90-ADFF-E66AFA691759}"
EndProject
Project("{2150E333-8FDC-42A3-9474-1A3956D46DE8}") = "test", "test", "{199E0DFD-13D7-4186-8E76-6DDC05275F17}"
EndProject
Project("{9A19103F-16F7-4668-BE54-9A1E7A4F7556}") = "BlazorSpa.Service.Tests", "test\BlazorSpa.Service.Tests\BlazorSpa.Service.Tests.csproj", "{01F3C4E8-18D9-4614-BA16-5404057D8C2F}"
EndProject
Project("{9A19103F-16F7-4668-BE54-9A1E7A4F7556}") = "BlazorSpa.Repository.S3.Tests", "test\BlazorSpa.Repository.S3.Tests\BlazorSpa.Repository.S3.Tests.csproj", "{807933A0-E77C-4518-803C-2B8520729DF5}"
EndProject
Project("{9A19103F-16F7-4668-BE54-9A1E7A4F7556}") = "BlazorSpa.Repository.DynamoDb.Tests", "test\BlazorSpa.Repository.DynamoDb.Tests\BlazorSpa.Repository.DynamoDb.Tests.csproj", "{C1A43DFD-90B5-46CC-B2DA-E033807014A6}"
EndProject
Project("{9A19103F-16F7-4668-BE54-9A1E7A4F7556}") = "BlazorSpa.Repository.Cognito.Tests", "test\BlazorSpa.Repository.Cognito.Tests\BlazorSpa.Repository.Cognito.Tests.csproj", "{29631181-85CD-4577-B3B8-72889E34BACD}"
EndProject
Global
	GlobalSection(SolutionConfigurationPlatforms) = preSolution
		Debug|Any CPU = Debug|Any CPU
		Release|Any CPU = Release|Any CPU
	EndGlobalSection
	GlobalSection(ProjectConfigurationPlatforms) = postSolution
		{1BE91D17-8246-47D9-BF1C-61D8711CE338}.Debug|Any CPU.ActiveCfg = Debug|Any CPU
		{1BE91D17-8246-47D9-BF1C-61D8711CE338}.Debug|Any CPU.Build.0 = Debug|Any CPU
		{1BE91D17-8246-47D9-BF1C-61D8711CE338}.Release|Any CPU.ActiveCfg = Release|Any CPU
		{1BE91D17-8246-47D9-BF1C-61D8711CE338}.Release|Any CPU.Build.0 = Release|Any CPU
		{2CE66C96-ACD2-4CB3-9EAB-078D2FE302A1}.Debug|Any CPU.ActiveCfg = Debug|Any CPU
		{2CE66C96-ACD2-4CB3-9EAB-078D2FE302A1}.Debug|Any CPU.Build.0 = Debug|Any CPU
		{2CE66C96-ACD2-4CB3-9EAB-078D2FE302A1}.Release|Any CPU.ActiveCfg = Release|Any CPU
		{2CE66C96-ACD2-4CB3-9EAB-078D2FE302A1}.Release|Any CPU.Build.0 = Release|Any CPU
		{EC8814A5-C273-41DF-893F-C45B7B6AEB31}.Debug|Any CPU.ActiveCfg = Debug|Any CPU
		{EC8814A5-C273-41DF-893F-C45B7B6AEB31}.Debug|Any CPU.Build.0 = Debug|Any CPU
		{EC8814A5-C273-41DF-893F-C45B7B6AEB31}.Release|Any CPU.ActiveCfg = Release|Any CPU
		{EC8814A5-C273-41DF-893F-C45B7B6AEB31}.Release|Any CPU.Build.0 = Release|Any CPU
		{1467E31A-2F14-4520-B473-9333824D0E86}.Debug|Any CPU.ActiveCfg = Debug|Any CPU
		{1467E31A-2F14-4520-B473-9333824D0E86}.Debug|Any CPU.Build.0 = Debug|Any CPU
		{1467E31A-2F14-4520-B473-9333824D0E86}.Release|Any CPU.ActiveCfg = Release|Any CPU
		{1467E31A-2F14-4520-B473-9333824D0E86}.Release|Any CPU.Build.0 = Release|Any CPU
		{F1656619-11F1-4E27-BD7A-8B1B6B829178}.Debug|Any CPU.ActiveCfg = Debug|Any CPU
		{F1656619-11F1-4E27-BD7A-8B1B6B829178}.Debug|Any CPU.Build.0 = Debug|Any CPU
		{F1656619-11F1-4E27-BD7A-8B1B6B829178}.Release|Any CPU.ActiveCfg = Release|Any CPU
		{F1656619-11F1-4E27-BD7A-8B1B6B829178}.Release|Any CPU.Build.0 = Release|Any CPU
		{F72AB023-FF06-42CB-BDD5-4125CB74FF01}.Debug|Any CPU.ActiveCfg = Debug|Any CPU
		{F72AB023-FF06-42CB-BDD5-4125CB74FF01}.Debug|Any CPU.Build.0 = Debug|Any CPU
		{F72AB023-FF06-42CB-BDD5-4125CB74FF01}.Release|Any CPU.ActiveCfg = Release|Any CPU
		{F72AB023-FF06-42CB-BDD5-4125CB74FF01}.Release|Any CPU.Build.0 = Release|Any CPU
		{ACD00D93-C6C0-43E0-8DF5-10684225D272}.Debug|Any CPU.ActiveCfg = Debug|Any CPU
		{ACD00D93-C6C0-43E0-8DF5-10684225D272}.Debug|Any CPU.Build.0 = Debug|Any CPU
		{ACD00D93-C6C0-43E0-8DF5-10684225D272}.Release|Any CPU.ActiveCfg = Release|Any CPU
		{ACD00D93-C6C0-43E0-8DF5-10684225D272}.Release|Any CPU.Build.0 = Release|Any CPU
		{3F82BC9D-457F-4790-9E66-3E264BE4FF07}.Debug|Any CPU.ActiveCfg = Debug|Any CPU
		{3F82BC9D-457F-4790-9E66-3E264BE4FF07}.Debug|Any CPU.Build.0 = Debug|Any CPU
		{3F82BC9D-457F-4790-9E66-3E264BE4FF07}.Release|Any CPU.ActiveCfg = Release|Any CPU
		{3F82BC9D-457F-4790-9E66-3E264BE4FF07}.Release|Any CPU.Build.0 = Release|Any CPU
		{CCEA5BCA-2179-424B-A15D-26B8996D1CE6}.Debug|Any CPU.ActiveCfg = Debug|Any CPU
		{CCEA5BCA-2179-424B-A15D-26B8996D1CE6}.Debug|Any CPU.Build.0 = Debug|Any CPU
		{CCEA5BCA-2179-424B-A15D-26B8996D1CE6}.Release|Any CPU.ActiveCfg = Release|Any CPU
		{CCEA5BCA-2179-424B-A15D-26B8996D1CE6}.Release|Any CPU.Build.0 = Release|Any CPU
		{1BDE9978-B950-4D94-828D-AD2A62DAD518}.Debug|Any CPU.ActiveCfg = Debug|Any CPU
		{1BDE9978-B950-4D94-828D-AD2A62DAD518}.Debug|Any CPU.Build.0 = Debug|Any CPU
		{1BDE9978-B950-4D94-828D-AD2A62DAD518}.Release|Any CPU.ActiveCfg = Release|Any CPU
		{1BDE9978-B950-4D94-828D-AD2A62DAD518}.Release|Any CPU.Build.0 = Release|Any CPU
		{01F3C4E8-18D9-4614-BA16-5404057D8C2F}.Debug|Any CPU.ActiveCfg = Debug|Any CPU
		{01F3C4E8-18D9-4614-BA16-5404057D8C2F}.Debug|Any CPU.Build.0 = Debug|Any CPU
		{01F3C4E8-18D9-4614-BA16-5404057D8C2F}.Release|Any CPU.ActiveCfg = Release|Any CPU
		{01F3C4E8-18D9-4614-BA16-5404057D8C2F}.Release|Any CPU.Build.0 = Release|Any CPU
		{807933A0-E77C-4518-803C-2B8520729DF5}.Debug|Any CPU.ActiveCfg = Debug|Any CPU
		{807933A0-E77C-4518-803C-2B8520729DF5}.Debug|Any CPU.Build.0 = Debug|Any CPU
		{807933A0-E77C-4518-803C-2B8520729DF5}.Release|Any CPU.ActiveCfg = Release|Any CPU
		{807933A0-E77C-4518-803C-2B8520729DF5}.Release|Any CPU.Build.0 = Release|Any CPU
		{C1A43DFD-90B5-46CC-B2DA-E033807014A6}.Debug|Any CPU.ActiveCfg = Debug|Any CPU
		{C1A43DFD-90B5-46CC-B2DA-E033807014A6}.Debug|Any CPU.Build.0 = Debug|Any CPU
		{C1A43DFD-90B5-46CC-B2DA-E033807014A6}.Release|Any CPU.ActiveCfg = Release|Any CPU
		{C1A43DFD-90B5-46CC-B2DA-E033807014A6}.Release|Any CPU.Build.0 = Release|Any CPU
		{29631181-85CD-4577-B3B8-72889E34BACD}.Debug|Any CPU.ActiveCfg = Debug|Any CPU
		{29631181-85CD-4577-B3B8-72889E34BACD}.Debug|Any CPU.Build.0 = Debug|Any CPU
		{29631181-85CD-4577-B3B8-72889E34BACD}.Release|Any CPU.ActiveCfg = Release|Any CPU
		{29631181-85CD-4577-B3B8-72889E34BACD}.Release|Any CPU.Build.0 = Release|Any CPU
	EndGlobalSection
	GlobalSection(SolutionProperties) = preSolution
		HideSolutionNode = FALSE
	EndGlobalSection
	GlobalSection(NestedProjects) = preSolution
		{1BE91D17-8246-47D9-BF1C-61D8711CE338} = {DBF82B87-AC5F-4AD1-8E40-D4B6BDC925CD}
		{2CE66C96-ACD2-4CB3-9EAB-078D2FE302A1} = {35EB3F87-6FE3-4A1D-B79C-05B735DC698F}
		{EC8814A5-C273-41DF-893F-C45B7B6AEB31} = {558BFA60-18A6-4B90-ADFF-E66AFA691759}
		{35EB3F87-6FE3-4A1D-B79C-05B735DC698F} = {558BFA60-18A6-4B90-ADFF-E66AFA691759}
		{DBF82B87-AC5F-4AD1-8E40-D4B6BDC925CD} = {558BFA60-18A6-4B90-ADFF-E66AFA691759}
		{1467E31A-2F14-4520-B473-9333824D0E86} = {DBF82B87-AC5F-4AD1-8E40-D4B6BDC925CD}
		{F1656619-11F1-4E27-BD7A-8B1B6B829178} = {DBF82B87-AC5F-4AD1-8E40-D4B6BDC925CD}
		{F72AB023-FF06-42CB-BDD5-4125CB74FF01} = {DBF82B87-AC5F-4AD1-8E40-D4B6BDC925CD}
		{ACD00D93-C6C0-43E0-8DF5-10684225D272} = {DBF82B87-AC5F-4AD1-8E40-D4B6BDC925CD}
		{3F82BC9D-457F-4790-9E66-3E264BE4FF07} = {DBF82B87-AC5F-4AD1-8E40-D4B6BDC925CD}
		{CCEA5BCA-2179-424B-A15D-26B8996D1CE6} = {DBF82B87-AC5F-4AD1-8E40-D4B6BDC925CD}
		{1BDE9978-B950-4D94-828D-AD2A62DAD518} = {35EB3F87-6FE3-4A1D-B79C-05B735DC698F}
		{01F3C4E8-18D9-4614-BA16-5404057D8C2F} = {199E0DFD-13D7-4186-8E76-6DDC05275F17}
		{807933A0-E77C-4518-803C-2B8520729DF5} = {199E0DFD-13D7-4186-8E76-6DDC05275F17}
		{C1A43DFD-90B5-46CC-B2DA-E033807014A6} = {199E0DFD-13D7-4186-8E76-6DDC05275F17}
		{29631181-85CD-4577-B3B8-72889E34BACD} = {199E0DFD-13D7-4186-8E76-6DDC05275F17}
	EndGlobalSection
	GlobalSection(ExtensibilityGlobals) = postSolution
		SolutionGuid = {17FEB31A-20D1-4BEC-AA37-699F7304B5FB}
	EndGlobalSection
EndGlobal
