
Microsoft Visual Studio Solution File, Format Version 12.00
# Visual Studio 15
VisualStudioVersion = 15.0.28010.2019
MinimumVisualStudioVersion = 10.0.40219.1
Project("{9A19103F-16F7-4668-BE54-9A1E7A4F7556}") = "BlazorSpa.Server", "src\BlazorSpa.Server\BlazorSpa.Server.csproj", "{7BC98077-92D5-42F6-A930-E5AF258991AE}"
EndProject
Project("{9A19103F-16F7-4668-BE54-9A1E7A4F7556}") = "BlazorSpa.Client", "src\BlazorSpa.Client\BlazorSpa.Client.csproj", "{A9BA6D67-84C1-4C66-8FB8-8E2D8A726300}"
EndProject
Project("{2150E333-8FDC-42A3-9474-1A3956D46DE8}") = "src", "src", "{89A1B1DA-944E-4041-8919-5D920658D713}"
EndProject
Project("{9A19103F-16F7-4668-BE54-9A1E7A4F7556}") = "BlazorSpa.Shared", "src\BlazorSpa.Shared\BlazorSpa.Shared.csproj", "{7DA6F9C0-6E45-414D-AE13-806312E2EC2D}"
EndProject
Project("{9A19103F-16F7-4668-BE54-9A1E7A4F7556}") = "BlazorSpa.Repository", "src\BlazorSpa.Repository\BlazorSpa.Repository.csproj", "{D8C0BDD8-F039-4A9A-B0BE-E5D7A4F70F39}"
EndProject
Project("{9A19103F-16F7-4668-BE54-9A1E7A4F7556}") = "BlazorSpa.Repository.DynamoDb", "src\BlazorSpa.Repository.DynamoDb\BlazorSpa.Repository.DynamoDb.csproj", "{BF0E6545-68AD-43A7-8634-9086264D9AE8}"
EndProject
Project("{2150E333-8FDC-42A3-9474-1A3956D46DE8}") = "test", "test", "{8607A33D-D40A-4954-9578-93FF8CD98299}"
EndProject
Project("{9A19103F-16F7-4668-BE54-9A1E7A4F7556}") = "BlazorSpa.Repository.Cognito", "src\BlazorSpa.Repository.Cognito\BlazorSpa.Repository.Cognito.csproj", "{925B62A3-A3D6-4AC2-A94F-750CD8B05000}"
EndProject
Project("{9A19103F-16F7-4668-BE54-9A1E7A4F7556}") = "BlazorSpa.Logging.CloudWatch", "src\BlazorSpa.Logging.CloudWatch\BlazorSpa.Logging.CloudWatch.csproj", "{A98ABCF4-6768-4157-8D3D-918717D50BF6}"
EndProject
Project("{2150E333-8FDC-42A3-9474-1A3956D46DE8}") = "server", "server", "{C37E0E83-054D-4D35-B936-77A01065FBE6}"
EndProject
Project("{2150E333-8FDC-42A3-9474-1A3956D46DE8}") = "client", "client", "{D7FC993F-2D62-44EB-9366-8DFD953EC018}"
EndProject
Project("{9A19103F-16F7-4668-BE54-9A1E7A4F7556}") = "BlazorSpa.Repository.S3", "src\BlazorSpa.Repository.S3\BlazorSpa.Repository.S3.csproj", "{468F74A9-CCEC-4F17-825B-69E853B8DB2F}"
EndProject
Project("{9A19103F-16F7-4668-BE54-9A1E7A4F7556}") = "BlazorSpa.Service", "src\BlazorSpa.Service\BlazorSpa.Service.csproj", "{E57A141E-D30E-4B99-ACB9-414E15230D3A}"
EndProject
Project("{9A19103F-16F7-4668-BE54-9A1E7A4F7556}") = "BlazorSpa.Service.Tests", "test\BlazorSpa.Service.Tests\BlazorSpa.Service.Tests.csproj", "{8F841BCE-E62E-4B79-B7D7-3E7A5B720B9C}"
EndProject
Project("{9A19103F-16F7-4668-BE54-9A1E7A4F7556}") = "BlazorSpa.Repository.Cognito.Tests", "test\BlazorSpa.Repository.Cognito.Tests\BlazorSpa.Repository.Cognito.Tests.csproj", "{1CDE64EA-2B7B-4A0A-959E-FE159EAAA4EF}"
EndProject
Project("{9A19103F-16F7-4668-BE54-9A1E7A4F7556}") = "BlazorSpa.Repository.DynamoDb.Tests", "test\BlazorSpa.Repository.DynamoDb.Tests\BlazorSpa.Repository.DynamoDb.Tests.csproj", "{A41EC01A-69FD-443D-89A5-F528547BB70E}"
EndProject
Project("{9A19103F-16F7-4668-BE54-9A1E7A4F7556}") = "BlazorSpa.Repository.S3.Tests", "test\BlazorSpa.Repository.S3.Tests\BlazorSpa.Repository.S3.Tests.csproj", "{1513AE4A-F729-4670-86E1-5D7AF2599752}"
EndProject
Project("{FAE04EC0-301F-11D3-BF4B-00C04F79EFBC}") = "BlazorSpa.Client.Model", "src\BlazorSpa.Client.Model\BlazorSpa.Client.Model.csproj", "{318B92FA-DE77-491A-BAD3-75CB5588264A}"
EndProject
Global
	GlobalSection(SolutionConfigurationPlatforms) = preSolution
		Debug|Any CPU = Debug|Any CPU
		Release|Any CPU = Release|Any CPU
	EndGlobalSection
	GlobalSection(ProjectConfigurationPlatforms) = postSolution
		{7BC98077-92D5-42F6-A930-E5AF258991AE}.Debug|Any CPU.ActiveCfg = Debug|Any CPU
		{7BC98077-92D5-42F6-A930-E5AF258991AE}.Debug|Any CPU.Build.0 = Debug|Any CPU
		{7BC98077-92D5-42F6-A930-E5AF258991AE}.Release|Any CPU.ActiveCfg = Release|Any CPU
		{7BC98077-92D5-42F6-A930-E5AF258991AE}.Release|Any CPU.Build.0 = Release|Any CPU
		{A9BA6D67-84C1-4C66-8FB8-8E2D8A726300}.Debug|Any CPU.ActiveCfg = Debug|Any CPU
		{A9BA6D67-84C1-4C66-8FB8-8E2D8A726300}.Debug|Any CPU.Build.0 = Debug|Any CPU
		{A9BA6D67-84C1-4C66-8FB8-8E2D8A726300}.Release|Any CPU.ActiveCfg = Release|Any CPU
		{A9BA6D67-84C1-4C66-8FB8-8E2D8A726300}.Release|Any CPU.Build.0 = Release|Any CPU
		{7DA6F9C0-6E45-414D-AE13-806312E2EC2D}.Debug|Any CPU.ActiveCfg = Debug|Any CPU
		{7DA6F9C0-6E45-414D-AE13-806312E2EC2D}.Debug|Any CPU.Build.0 = Debug|Any CPU
		{7DA6F9C0-6E45-414D-AE13-806312E2EC2D}.Release|Any CPU.ActiveCfg = Release|Any CPU
		{7DA6F9C0-6E45-414D-AE13-806312E2EC2D}.Release|Any CPU.Build.0 = Release|Any CPU
		{D8C0BDD8-F039-4A9A-B0BE-E5D7A4F70F39}.Debug|Any CPU.ActiveCfg = Debug|Any CPU
		{D8C0BDD8-F039-4A9A-B0BE-E5D7A4F70F39}.Debug|Any CPU.Build.0 = Debug|Any CPU
		{D8C0BDD8-F039-4A9A-B0BE-E5D7A4F70F39}.Release|Any CPU.ActiveCfg = Release|Any CPU
		{D8C0BDD8-F039-4A9A-B0BE-E5D7A4F70F39}.Release|Any CPU.Build.0 = Release|Any CPU
		{BF0E6545-68AD-43A7-8634-9086264D9AE8}.Debug|Any CPU.ActiveCfg = Debug|Any CPU
		{BF0E6545-68AD-43A7-8634-9086264D9AE8}.Debug|Any CPU.Build.0 = Debug|Any CPU
		{BF0E6545-68AD-43A7-8634-9086264D9AE8}.Release|Any CPU.ActiveCfg = Release|Any CPU
		{BF0E6545-68AD-43A7-8634-9086264D9AE8}.Release|Any CPU.Build.0 = Release|Any CPU
		{925B62A3-A3D6-4AC2-A94F-750CD8B05000}.Debug|Any CPU.ActiveCfg = Debug|Any CPU
		{925B62A3-A3D6-4AC2-A94F-750CD8B05000}.Debug|Any CPU.Build.0 = Debug|Any CPU
		{925B62A3-A3D6-4AC2-A94F-750CD8B05000}.Release|Any CPU.ActiveCfg = Release|Any CPU
		{925B62A3-A3D6-4AC2-A94F-750CD8B05000}.Release|Any CPU.Build.0 = Release|Any CPU
		{A98ABCF4-6768-4157-8D3D-918717D50BF6}.Debug|Any CPU.ActiveCfg = Debug|Any CPU
		{A98ABCF4-6768-4157-8D3D-918717D50BF6}.Debug|Any CPU.Build.0 = Debug|Any CPU
		{A98ABCF4-6768-4157-8D3D-918717D50BF6}.Release|Any CPU.ActiveCfg = Release|Any CPU
		{A98ABCF4-6768-4157-8D3D-918717D50BF6}.Release|Any CPU.Build.0 = Release|Any CPU
		{468F74A9-CCEC-4F17-825B-69E853B8DB2F}.Debug|Any CPU.ActiveCfg = Debug|Any CPU
		{468F74A9-CCEC-4F17-825B-69E853B8DB2F}.Debug|Any CPU.Build.0 = Debug|Any CPU
		{468F74A9-CCEC-4F17-825B-69E853B8DB2F}.Release|Any CPU.ActiveCfg = Release|Any CPU
		{468F74A9-CCEC-4F17-825B-69E853B8DB2F}.Release|Any CPU.Build.0 = Release|Any CPU
		{E57A141E-D30E-4B99-ACB9-414E15230D3A}.Debug|Any CPU.ActiveCfg = Debug|Any CPU
		{E57A141E-D30E-4B99-ACB9-414E15230D3A}.Debug|Any CPU.Build.0 = Debug|Any CPU
		{E57A141E-D30E-4B99-ACB9-414E15230D3A}.Release|Any CPU.ActiveCfg = Release|Any CPU
		{E57A141E-D30E-4B99-ACB9-414E15230D3A}.Release|Any CPU.Build.0 = Release|Any CPU
		{8F841BCE-E62E-4B79-B7D7-3E7A5B720B9C}.Debug|Any CPU.ActiveCfg = Debug|Any CPU
		{8F841BCE-E62E-4B79-B7D7-3E7A5B720B9C}.Debug|Any CPU.Build.0 = Debug|Any CPU
		{8F841BCE-E62E-4B79-B7D7-3E7A5B720B9C}.Release|Any CPU.ActiveCfg = Release|Any CPU
		{8F841BCE-E62E-4B79-B7D7-3E7A5B720B9C}.Release|Any CPU.Build.0 = Release|Any CPU
		{1CDE64EA-2B7B-4A0A-959E-FE159EAAA4EF}.Debug|Any CPU.ActiveCfg = Debug|Any CPU
		{1CDE64EA-2B7B-4A0A-959E-FE159EAAA4EF}.Debug|Any CPU.Build.0 = Debug|Any CPU
		{1CDE64EA-2B7B-4A0A-959E-FE159EAAA4EF}.Release|Any CPU.ActiveCfg = Release|Any CPU
		{1CDE64EA-2B7B-4A0A-959E-FE159EAAA4EF}.Release|Any CPU.Build.0 = Release|Any CPU
		{A41EC01A-69FD-443D-89A5-F528547BB70E}.Debug|Any CPU.ActiveCfg = Debug|Any CPU
		{A41EC01A-69FD-443D-89A5-F528547BB70E}.Debug|Any CPU.Build.0 = Debug|Any CPU
		{A41EC01A-69FD-443D-89A5-F528547BB70E}.Release|Any CPU.ActiveCfg = Release|Any CPU
		{A41EC01A-69FD-443D-89A5-F528547BB70E}.Release|Any CPU.Build.0 = Release|Any CPU
		{1513AE4A-F729-4670-86E1-5D7AF2599752}.Debug|Any CPU.ActiveCfg = Debug|Any CPU
		{1513AE4A-F729-4670-86E1-5D7AF2599752}.Debug|Any CPU.Build.0 = Debug|Any CPU
		{1513AE4A-F729-4670-86E1-5D7AF2599752}.Release|Any CPU.ActiveCfg = Release|Any CPU
		{1513AE4A-F729-4670-86E1-5D7AF2599752}.Release|Any CPU.Build.0 = Release|Any CPU
		{318B92FA-DE77-491A-BAD3-75CB5588264A}.Debug|Any CPU.ActiveCfg = Debug|Any CPU
		{318B92FA-DE77-491A-BAD3-75CB5588264A}.Debug|Any CPU.Build.0 = Debug|Any CPU
		{318B92FA-DE77-491A-BAD3-75CB5588264A}.Release|Any CPU.ActiveCfg = Release|Any CPU
		{318B92FA-DE77-491A-BAD3-75CB5588264A}.Release|Any CPU.Build.0 = Release|Any CPU
	EndGlobalSection
	GlobalSection(SolutionProperties) = preSolution
		HideSolutionNode = FALSE
	EndGlobalSection
	GlobalSection(NestedProjects) = preSolution
		{7BC98077-92D5-42F6-A930-E5AF258991AE} = {C37E0E83-054D-4D35-B936-77A01065FBE6}
		{A9BA6D67-84C1-4C66-8FB8-8E2D8A726300} = {D7FC993F-2D62-44EB-9366-8DFD953EC018}
		{7DA6F9C0-6E45-414D-AE13-806312E2EC2D} = {89A1B1DA-944E-4041-8919-5D920658D713}
		{D8C0BDD8-F039-4A9A-B0BE-E5D7A4F70F39} = {C37E0E83-054D-4D35-B936-77A01065FBE6}
		{BF0E6545-68AD-43A7-8634-9086264D9AE8} = {C37E0E83-054D-4D35-B936-77A01065FBE6}
		{925B62A3-A3D6-4AC2-A94F-750CD8B05000} = {C37E0E83-054D-4D35-B936-77A01065FBE6}
		{A98ABCF4-6768-4157-8D3D-918717D50BF6} = {C37E0E83-054D-4D35-B936-77A01065FBE6}
		{C37E0E83-054D-4D35-B936-77A01065FBE6} = {89A1B1DA-944E-4041-8919-5D920658D713}
		{D7FC993F-2D62-44EB-9366-8DFD953EC018} = {89A1B1DA-944E-4041-8919-5D920658D713}
		{468F74A9-CCEC-4F17-825B-69E853B8DB2F} = {C37E0E83-054D-4D35-B936-77A01065FBE6}
		{E57A141E-D30E-4B99-ACB9-414E15230D3A} = {C37E0E83-054D-4D35-B936-77A01065FBE6}
		{8F841BCE-E62E-4B79-B7D7-3E7A5B720B9C} = {8607A33D-D40A-4954-9578-93FF8CD98299}
		{1CDE64EA-2B7B-4A0A-959E-FE159EAAA4EF} = {8607A33D-D40A-4954-9578-93FF8CD98299}
		{A41EC01A-69FD-443D-89A5-F528547BB70E} = {8607A33D-D40A-4954-9578-93FF8CD98299}
		{1513AE4A-F729-4670-86E1-5D7AF2599752} = {8607A33D-D40A-4954-9578-93FF8CD98299}
		{318B92FA-DE77-491A-BAD3-75CB5588264A} = {D7FC993F-2D62-44EB-9366-8DFD953EC018}
	EndGlobalSection
	GlobalSection(ExtensibilityGlobals) = postSolution
		SolutionGuid = {00F989B3-623D-4C22-8546-03222C9E54AF}
	EndGlobalSection
EndGlobal
