
Microsoft Visual Studio Solution File, Format Version 12.00
# Visual Studio 15
VisualStudioVersion = 15.0.28010.2019
MinimumVisualStudioVersion = 10.0.40219.1
Project("{9A19103F-16F7-4668-BE54-9A1E7A4F7556}") = "BlazorSpa.Server", "src\BlazorSpa.Server\BlazorSpa.Server.csproj", "{7BC98077-92D5-42F6-A930-E5AF258991AE}"
EndProject
Project("{9A19103F-16F7-4668-BE54-9A1E7A4F7556}") = "BlazorSpa.Client", "src\BlazorSpa.Client\BlazorSpa.Client.csproj", "{A9BA6D67-84C1-4C66-8FB8-8E2D8A726300}"
EndProject
Project("{2150E333-8FDC-42A3-9474-1A3956D46DE8}") = "src", "src", "{89A1B1DA-944E-4041-8919-5D920658D713}"
EndProject
Project("{9A19103F-16F7-4668-BE54-9A1E7A4F7556}") = "BlazorSpa.Model", "src\BlazorSpa.Model\BlazorSpa.Model.csproj", "{7DA6F9C0-6E45-414D-AE13-806312E2EC2D}"
EndProject
Project("{9A19103F-16F7-4668-BE54-9A1E7A4F7556}") = "BlazorSpa.Repository", "src\BlazorSpa.Repository\BlazorSpa.Repository.csproj", "{D8C0BDD8-F039-4A9A-B0BE-E5D7A4F70F39}"
EndProject
Project("{9A19103F-16F7-4668-BE54-9A1E7A4F7556}") = "BlazorSpa.Repository.DynamoDb", "src\BlazorSpa.Repository.DynamoDb\BlazorSpa.Repository.DynamoDb.csproj", "{BF0E6545-68AD-43A7-8634-9086264D9AE8}"
EndProject
Project("{2150E333-8FDC-42A3-9474-1A3956D46DE8}") = "tests", "tests", "{8607A33D-D40A-4954-9578-93FF8CD98299}"
EndProject
Project("{9A19103F-16F7-4668-BE54-9A1E7A4F7556}") = "BlazorSpa.Repository.Cognito", "src\BlazorSpa.Repository.Cognito\BlazorSpa.Repository.Cognito.csproj", "{925B62A3-A3D6-4AC2-A94F-750CD8B05000}"
EndProject
Project("{9A19103F-16F7-4668-BE54-9A1E7A4F7556}") = "BlazorSpa.Repository.Cognito.Tests", "tests\BlazorSpa.Repository.Cognito.Tests\BlazorSpa.Repository.Cognito.Tests.csproj", "{AE02EF0C-3764-4C3E-9EBB-4319E5B78E61}"
EndProject
Project("{9A19103F-16F7-4668-BE54-9A1E7A4F7556}") = "BlazorSpa.Logging.CloudWatch", "src\BlazorSpa.Logging.CloudWatch\BlazorSpa.Logging.CloudWatch.csproj", "{A98ABCF4-6768-4157-8D3D-918717D50BF6}"
EndProject
Project("{2150E333-8FDC-42A3-9474-1A3956D46DE8}") = "server", "server", "{C37E0E83-054D-4D35-B936-77A01065FBE6}"
EndProject
Project("{2150E333-8FDC-42A3-9474-1A3956D46DE8}") = "client", "client", "{D7FC993F-2D62-44EB-9366-8DFD953EC018}"
EndProject
Project("{9A19103F-16F7-4668-BE54-9A1E7A4F7556}") = "BlazorSpa.Repository.DynamoDb.Tests", "tests\BlazorSpa.Repository.DynamoDb.Tests\BlazorSpa.Repository.DynamoDb.Tests.csproj", "{C9F0A995-2B8D-4FA5-9A31-B17BD2FE1E0E}"
EndProject
Global
	GlobalSection(SolutionConfigurationPlatforms) = preSolution
		Debug|Any CPU = Debug|Any CPU
		Release|Any CPU = Release|Any CPU
	EndGlobalSection
	GlobalSection(ProjectConfigurationPlatforms) = postSolution
		{7BC98077-92D5-42F6-A930-E5AF258991AE}.Debug|Any CPU.ActiveCfg = Debug|Any CPU
		{7BC98077-92D5-42F6-A930-E5AF258991AE}.Debug|Any CPU.Build.0 = Debug|Any CPU
		{7BC98077-92D5-42F6-A930-E5AF258991AE}.Release|Any CPU.ActiveCfg = Release|Any CPU
		{7BC98077-92D5-42F6-A930-E5AF258991AE}.Release|Any CPU.Build.0 = Release|Any CPU
		{A9BA6D67-84C1-4C66-8FB8-8E2D8A726300}.Debug|Any CPU.ActiveCfg = Debug|Any CPU
		{A9BA6D67-84C1-4C66-8FB8-8E2D8A726300}.Debug|Any CPU.Build.0 = Debug|Any CPU
		{A9BA6D67-84C1-4C66-8FB8-8E2D8A726300}.Release|Any CPU.ActiveCfg = Release|Any CPU
		{A9BA6D67-84C1-4C66-8FB8-8E2D8A726300}.Release|Any CPU.Build.0 = Release|Any CPU
		{7DA6F9C0-6E45-414D-AE13-806312E2EC2D}.Debug|Any CPU.ActiveCfg = Debug|Any CPU
		{7DA6F9C0-6E45-414D-AE13-806312E2EC2D}.Debug|Any CPU.Build.0 = Debug|Any CPU
		{7DA6F9C0-6E45-414D-AE13-806312E2EC2D}.Release|Any CPU.ActiveCfg = Release|Any CPU
		{7DA6F9C0-6E45-414D-AE13-806312E2EC2D}.Release|Any CPU.Build.0 = Release|Any CPU
		{D8C0BDD8-F039-4A9A-B0BE-E5D7A4F70F39}.Debug|Any CPU.ActiveCfg = Debug|Any CPU
		{D8C0BDD8-F039-4A9A-B0BE-E5D7A4F70F39}.Debug|Any CPU.Build.0 = Debug|Any CPU
		{D8C0BDD8-F039-4A9A-B0BE-E5D7A4F70F39}.Release|Any CPU.ActiveCfg = Release|Any CPU
		{D8C0BDD8-F039-4A9A-B0BE-E5D7A4F70F39}.Release|Any CPU.Build.0 = Release|Any CPU
		{BF0E6545-68AD-43A7-8634-9086264D9AE8}.Debug|Any CPU.ActiveCfg = Debug|Any CPU
		{BF0E6545-68AD-43A7-8634-9086264D9AE8}.Debug|Any CPU.Build.0 = Debug|Any CPU
		{BF0E6545-68AD-43A7-8634-9086264D9AE8}.Release|Any CPU.ActiveCfg = Release|Any CPU
		{BF0E6545-68AD-43A7-8634-9086264D9AE8}.Release|Any CPU.Build.0 = Release|Any CPU
		{925B62A3-A3D6-4AC2-A94F-750CD8B05000}.Debug|Any CPU.ActiveCfg = Debug|Any CPU
		{925B62A3-A3D6-4AC2-A94F-750CD8B05000}.Debug|Any CPU.Build.0 = Debug|Any CPU
		{925B62A3-A3D6-4AC2-A94F-750CD8B05000}.Release|Any CPU.ActiveCfg = Release|Any CPU
		{925B62A3-A3D6-4AC2-A94F-750CD8B05000}.Release|Any CPU.Build.0 = Release|Any CPU
		{AE02EF0C-3764-4C3E-9EBB-4319E5B78E61}.Debug|Any CPU.ActiveCfg = Debug|Any CPU
		{AE02EF0C-3764-4C3E-9EBB-4319E5B78E61}.Debug|Any CPU.Build.0 = Debug|Any CPU
		{AE02EF0C-3764-4C3E-9EBB-4319E5B78E61}.Release|Any CPU.ActiveCfg = Release|Any CPU
		{AE02EF0C-3764-4C3E-9EBB-4319E5B78E61}.Release|Any CPU.Build.0 = Release|Any CPU
		{A98ABCF4-6768-4157-8D3D-918717D50BF6}.Debug|Any CPU.ActiveCfg = Debug|Any CPU
		{A98ABCF4-6768-4157-8D3D-918717D50BF6}.Debug|Any CPU.Build.0 = Debug|Any CPU
		{A98ABCF4-6768-4157-8D3D-918717D50BF6}.Release|Any CPU.ActiveCfg = Release|Any CPU
		{A98ABCF4-6768-4157-8D3D-918717D50BF6}.Release|Any CPU.Build.0 = Release|Any CPU
		{C9F0A995-2B8D-4FA5-9A31-B17BD2FE1E0E}.Debug|Any CPU.ActiveCfg = Debug|Any CPU
		{C9F0A995-2B8D-4FA5-9A31-B17BD2FE1E0E}.Debug|Any CPU.Build.0 = Debug|Any CPU
		{C9F0A995-2B8D-4FA5-9A31-B17BD2FE1E0E}.Release|Any CPU.ActiveCfg = Release|Any CPU
		{C9F0A995-2B8D-4FA5-9A31-B17BD2FE1E0E}.Release|Any CPU.Build.0 = Release|Any CPU
	EndGlobalSection
	GlobalSection(SolutionProperties) = preSolution
		HideSolutionNode = FALSE
	EndGlobalSection
	GlobalSection(NestedProjects) = preSolution
		{7BC98077-92D5-42F6-A930-E5AF258991AE} = {C37E0E83-054D-4D35-B936-77A01065FBE6}
		{A9BA6D67-84C1-4C66-8FB8-8E2D8A726300} = {D7FC993F-2D62-44EB-9366-8DFD953EC018}
		{7DA6F9C0-6E45-414D-AE13-806312E2EC2D} = {89A1B1DA-944E-4041-8919-5D920658D713}
		{D8C0BDD8-F039-4A9A-B0BE-E5D7A4F70F39} = {C37E0E83-054D-4D35-B936-77A01065FBE6}
		{BF0E6545-68AD-43A7-8634-9086264D9AE8} = {C37E0E83-054D-4D35-B936-77A01065FBE6}
		{925B62A3-A3D6-4AC2-A94F-750CD8B05000} = {C37E0E83-054D-4D35-B936-77A01065FBE6}
		{AE02EF0C-3764-4C3E-9EBB-4319E5B78E61} = {8607A33D-D40A-4954-9578-93FF8CD98299}
		{A98ABCF4-6768-4157-8D3D-918717D50BF6} = {C37E0E83-054D-4D35-B936-77A01065FBE6}
		{C37E0E83-054D-4D35-B936-77A01065FBE6} = {89A1B1DA-944E-4041-8919-5D920658D713}
		{D7FC993F-2D62-44EB-9366-8DFD953EC018} = {89A1B1DA-944E-4041-8919-5D920658D713}
		{C9F0A995-2B8D-4FA5-9A31-B17BD2FE1E0E} = {8607A33D-D40A-4954-9578-93FF8CD98299}
	EndGlobalSection
	GlobalSection(ExtensibilityGlobals) = postSolution
		SolutionGuid = {00F989B3-623D-4C22-8546-03222C9E54AF}
	EndGlobalSection
EndGlobal
